
Microsoft Visual Studio Solution File, Format Version 12.00
# Visual Studio Version 16
VisualStudioVersion = 16.0.29215.179
MinimumVisualStudioVersion = 10.0.40219.1
Project("{FAE04EC0-301F-11D3-BF4B-00C04F79EFBC}") = "WebApi", "WebApi\WebApi.csproj", "{7BEEEB32-7B0C-4BC0-8801-6B14CC85BA50}"
EndProject
Global
	GlobalSection(SolutionConfigurationPlatforms) = preSolution
		Debug|Any CPU = Debug|Any CPU
		Release|Any CPU = Release|Any CPU
	EndGlobalSection
	GlobalSection(ProjectConfigurationPlatforms) = postSolution
		{7BEEEB32-7B0C-4BC0-8801-6B14CC85BA50}.Debug|Any CPU.ActiveCfg = Debug|Any CPU
		{7BEEEB32-7B0C-4BC0-8801-6B14CC85BA50}.Debug|Any CPU.Build.0 = Debug|Any CPU
		{7BEEEB32-7B0C-4BC0-8801-6B14CC85BA50}.Release|Any CPU.ActiveCfg = Release|Any CPU
		{7BEEEB32-7B0C-4BC0-8801-6B14CC85BA50}.Release|Any CPU.Build.0 = Release|Any CPU
	EndGlobalSection
	GlobalSection(SolutionProperties) = preSolution
		HideSolutionNode = FALSE
	EndGlobalSection
	GlobalSection(ExtensibilityGlobals) = postSolution
		SolutionGuid = {D6FFB2DB-7925-4691-A0D4-125D9AA79924}
	EndGlobalSection
EndGlobal
